// !$*UTF8*$!
{
	archiveVersion = 1;
	classes = {
	};
	objectVersion = 46;
	objects = {

/* Begin PBXBuildFile section */
		7F781D951B18AAB00007D5A8 /* main.m in Sources */ = {isa = PBXBuildFile; fileRef = 7F781D941B18AAB00007D5A8 /* main.m */; };
		7F781D981B18AAB00007D5A8 /* AppDelegate.m in Sources */ = {isa = PBXBuildFile; fileRef = 7F781D971B18AAB00007D5A8 /* AppDelegate.m */; };
		7F781D9B1B18AAB00007D5A8 /* ViewController.m in Sources */ = {isa = PBXBuildFile; fileRef = 7F781D9A1B18AAB00007D5A8 /* ViewController.m */; };
		7F781D9E1B18AAB00007D5A8 /* Main.storyboard in Resources */ = {isa = PBXBuildFile; fileRef = 7F781D9C1B18AAB00007D5A8 /* Main.storyboard */; };
		7F781DA01B18AAB00007D5A8 /* Images.xcassets in Resources */ = {isa = PBXBuildFile; fileRef = 7F781D9F1B18AAB00007D5A8 /* Images.xcassets */; };
		7F781DA31B18AAB00007D5A8 /* LaunchScreen.xib in Resources */ = {isa = PBXBuildFile; fileRef = 7F781DA11B18AAB00007D5A8 /* LaunchScreen.xib */; };
		7F781DAF1B18AAB10007D5A8 /* NEAspectsTests.m in Sources */ = {isa = PBXBuildFile; fileRef = 7F781DAE1B18AAB10007D5A8 /* NEAspectsTests.m */; };
		7F781DBE1B18AB780007D5A8 /* NEAspects.m in Sources */ = {isa = PBXBuildFile; fileRef = 7F781DBD1B18AB780007D5A8 /* NEAspects.m */; };
		7F781DBF1B18AB780007D5A8 /* NEAspects.m in Sources */ = {isa = PBXBuildFile; fileRef = 7F781DBD1B18AB780007D5A8 /* NEAspects.m */; };
		7F781DC31B18B49C0007D5A8 /* NEAspectContainer.m in Sources */ = {isa = PBXBuildFile; fileRef = 7F781DC21B18B49C0007D5A8 /* NEAspectContainer.m */; };
		7F781DC41B18B49C0007D5A8 /* NEAspectContainer.m in Sources */ = {isa = PBXBuildFile; fileRef = 7F781DC21B18B49C0007D5A8 /* NEAspectContainer.m */; };
		7F781DC71B18B4DF0007D5A8 /* NEAspectInfo.m in Sources */ = {isa = PBXBuildFile; fileRef = 7F781DC61B18B4DF0007D5A8 /* NEAspectInfo.m */; };
		7F781DC81B18B4DF0007D5A8 /* NEAspectInfo.m in Sources */ = {isa = PBXBuildFile; fileRef = 7F781DC61B18B4DF0007D5A8 /* NEAspectInfo.m */; };
		7F781DCB1B18B83B0007D5A8 /* NSInvocation+NEAspects.m in Sources */ = {isa = PBXBuildFile; fileRef = 7F781DCA1B18B83B0007D5A8 /* NSInvocation+NEAspects.m */; };
		7F781DCC1B18B83B0007D5A8 /* NSInvocation+NEAspects.m in Sources */ = {isa = PBXBuildFile; fileRef = 7F781DCA1B18B83B0007D5A8 /* NSInvocation+NEAspects.m */; };
/* End PBXBuildFile section */

/* Begin PBXContainerItemProxy section */
		7F781DA91B18AAB10007D5A8 /* PBXContainerItemProxy */ = {
			isa = PBXContainerItemProxy;
			containerPortal = 7F781D871B18AAB00007D5A8 /* Project object */;
			proxyType = 1;
			remoteGlobalIDString = 7F781D8E1B18AAB00007D5A8;
			remoteInfo = NEAspects;
		};
/* End PBXContainerItemProxy section */

/* Begin PBXFileReference section */
		7F781D8F1B18AAB00007D5A8 /* NEAspects.app */ = {isa = PBXFileReference; explicitFileType = wrapper.application; includeInIndex = 0; path = NEAspects.app; sourceTree = BUILT_PRODUCTS_DIR; };
		7F781D931B18AAB00007D5A8 /* Info.plist */ = {isa = PBXFileReference; lastKnownFileType = text.plist.xml; path = Info.plist; sourceTree = "<group>"; };
		7F781D941B18AAB00007D5A8 /* main.m */ = {isa = PBXFileReference; lastKnownFileType = sourcecode.c.objc; path = main.m; sourceTree = "<group>"; };
		7F781D961B18AAB00007D5A8 /* AppDelegate.h */ = {isa = PBXFileReference; lastKnownFileType = sourcecode.c.h; path = AppDelegate.h; sourceTree = "<group>"; };
		7F781D971B18AAB00007D5A8 /* AppDelegate.m */ = {isa = PBXFileReference; lastKnownFileType = sourcecode.c.objc; path = AppDelegate.m; sourceTree = "<group>"; };
		7F781D991B18AAB00007D5A8 /* ViewController.h */ = {isa = PBXFileReference; lastKnownFileType = sourcecode.c.h; path = ViewController.h; sourceTree = "<group>"; };
		7F781D9A1B18AAB00007D5A8 /* ViewController.m */ = {isa = PBXFileReference; lastKnownFileType = sourcecode.c.objc; path = ViewController.m; sourceTree = "<group>"; };
		7F781D9D1B18AAB00007D5A8 /* Base */ = {isa = PBXFileReference; lastKnownFileType = file.storyboard; name = Base; path = Base.lproj/Main.storyboard; sourceTree = "<group>"; };
		7F781D9F1B18AAB00007D5A8 /* Images.xcassets */ = {isa = PBXFileReference; lastKnownFileType = folder.assetcatalog; path = Images.xcassets; sourceTree = "<group>"; };
		7F781DA21B18AAB00007D5A8 /* Base */ = {isa = PBXFileReference; lastKnownFileType = file.xib; name = Base; path = Base.lproj/LaunchScreen.xib; sourceTree = "<group>"; };
		7F781DA81B18AAB10007D5A8 /* NEAspectsTests.xctest */ = {isa = PBXFileReference; explicitFileType = wrapper.cfbundle; includeInIndex = 0; path = NEAspectsTests.xctest; sourceTree = BUILT_PRODUCTS_DIR; };
		7F781DAD1B18AAB10007D5A8 /* Info.plist */ = {isa = PBXFileReference; lastKnownFileType = text.plist.xml; path = Info.plist; sourceTree = "<group>"; };
		7F781DAE1B18AAB10007D5A8 /* NEAspectsTests.m */ = {isa = PBXFileReference; lastKnownFileType = sourcecode.c.objc; path = NEAspectsTests.m; sourceTree = "<group>"; };
		7F781DBC1B18AB780007D5A8 /* NEAspects.h */ = {isa = PBXFileReference; fileEncoding = 4; lastKnownFileType = sourcecode.c.h; path = NEAspects.h; sourceTree = "<group>"; };
		7F781DBD1B18AB780007D5A8 /* NEAspects.m */ = {isa = PBXFileReference; fileEncoding = 4; lastKnownFileType = sourcecode.c.objc; path = NEAspects.m; sourceTree = "<group>"; };
		7F781DC11B18B49C0007D5A8 /* NEAspectContainer.h */ = {isa = PBXFileReference; fileEncoding = 4; lastKnownFileType = sourcecode.c.h; path = NEAspectContainer.h; sourceTree = "<group>"; };
		7F781DC21B18B49C0007D5A8 /* NEAspectContainer.m */ = {isa = PBXFileReference; fileEncoding = 4; lastKnownFileType = sourcecode.c.objc; path = NEAspectContainer.m; sourceTree = "<group>"; };
		7F781DC51B18B4DF0007D5A8 /* NEAspectInfo.h */ = {isa = PBXFileReference; fileEncoding = 4; lastKnownFileType = sourcecode.c.h; path = NEAspectInfo.h; sourceTree = "<group>"; };
		7F781DC61B18B4DF0007D5A8 /* NEAspectInfo.m */ = {isa = PBXFileReference; fileEncoding = 4; lastKnownFileType = sourcecode.c.objc; path = NEAspectInfo.m; sourceTree = "<group>"; };
		7F781DC91B18B83B0007D5A8 /* NSInvocation+NEAspects.h */ = {isa = PBXFileReference; fileEncoding = 4; lastKnownFileType = sourcecode.c.h; path = "NSInvocation+NEAspects.h"; sourceTree = "<group>"; };
		7F781DCA1B18B83B0007D5A8 /* NSInvocation+NEAspects.m */ = {isa = PBXFileReference; fileEncoding = 4; lastKnownFileType = sourcecode.c.objc; path = "NSInvocation+NEAspects.m"; sourceTree = "<group>"; };
/* End PBXFileReference section */

/* Begin PBXFrameworksBuildPhase section */
		7F781D8C1B18AAB00007D5A8 /* Frameworks */ = {
			isa = PBXFrameworksBuildPhase;
			buildActionMask = 2147483647;
			files = (
			);
			runOnlyForDeploymentPostprocessing = 0;
		};
		7F781DA51B18AAB10007D5A8 /* Frameworks */ = {
			isa = PBXFrameworksBuildPhase;
			buildActionMask = 2147483647;
			files = (
			);
			runOnlyForDeploymentPostprocessing = 0;
		};
/* End PBXFrameworksBuildPhase section */

/* Begin PBXGroup section */
		7F781D861B18AAB00007D5A8 = {
			isa = PBXGroup;
			children = (
				7F781D911B18AAB00007D5A8 /* NEAspects */,
				7F781DAB1B18AAB10007D5A8 /* NEAspectsTests */,
				7F781D901B18AAB00007D5A8 /* Products */,
			);
			sourceTree = "<group>";
		};
		7F781D901B18AAB00007D5A8 /* Products */ = {
			isa = PBXGroup;
			children = (
				7F781D8F1B18AAB00007D5A8 /* NEAspects.app */,
				7F781DA81B18AAB10007D5A8 /* NEAspectsTests.xctest */,
			);
			name = Products;
			sourceTree = "<group>";
		};
		7F781D911B18AAB00007D5A8 /* NEAspects */ = {
			isa = PBXGroup;
			children = (
				7F781DC01B18AB830007D5A8 /* Aspects */,
				7F781D961B18AAB00007D5A8 /* AppDelegate.h */,
				7F781D971B18AAB00007D5A8 /* AppDelegate.m */,
				7F781D991B18AAB00007D5A8 /* ViewController.h */,
				7F781D9A1B18AAB00007D5A8 /* ViewController.m */,
				7F781D9C1B18AAB00007D5A8 /* Main.storyboard */,
				7F781D9F1B18AAB00007D5A8 /* Images.xcassets */,
				7F781DA11B18AAB00007D5A8 /* LaunchScreen.xib */,
				7F781D921B18AAB00007D5A8 /* Supporting Files */,
			);
			path = NEAspects;
			sourceTree = "<group>";
		};
		7F781D921B18AAB00007D5A8 /* Supporting Files */ = {
			isa = PBXGroup;
			children = (
				7F781D931B18AAB00007D5A8 /* Info.plist */,
				7F781D941B18AAB00007D5A8 /* main.m */,
			);
			name = "Supporting Files";
			sourceTree = "<group>";
		};
		7F781DAB1B18AAB10007D5A8 /* NEAspectsTests */ = {
			isa = PBXGroup;
			children = (
				7F781DAE1B18AAB10007D5A8 /* NEAspectsTests.m */,
				7F781DAC1B18AAB10007D5A8 /* Supporting Files */,
			);
			path = NEAspectsTests;
			sourceTree = "<group>";
		};
		7F781DAC1B18AAB10007D5A8 /* Supporting Files */ = {
			isa = PBXGroup;
			children = (
				7F781DAD1B18AAB10007D5A8 /* Info.plist */,
			);
			name = "Supporting Files";
			sourceTree = "<group>";
		};
		7F781DC01B18AB830007D5A8 /* Aspects */ = {
			isa = PBXGroup;
			children = (
				7F781DBC1B18AB780007D5A8 /* NEAspects.h */,
				7F781DBD1B18AB780007D5A8 /* NEAspects.m */,
				7F781DC51B18B4DF0007D5A8 /* NEAspectInfo.h */,
				7F781DC61B18B4DF0007D5A8 /* NEAspectInfo.m */,
				7F781DC11B18B49C0007D5A8 /* NEAspectContainer.h */,
				7F781DC21B18B49C0007D5A8 /* NEAspectContainer.m */,
				7F781DC91B18B83B0007D5A8 /* NSInvocation+NEAspects.h */,
				7F781DCA1B18B83B0007D5A8 /* NSInvocation+NEAspects.m */,
			);
			name = Aspects;
			sourceTree = "<group>";
		};
/* End PBXGroup section */

/* Begin PBXNativeTarget section */
		7F781D8E1B18AAB00007D5A8 /* NEAspects */ = {
			isa = PBXNativeTarget;
			buildConfigurationList = 7F781DB21B18AAB10007D5A8 /* Build configuration list for PBXNativeTarget "NEAspects" */;
			buildPhases = (
				7F781D8B1B18AAB00007D5A8 /* Sources */,
				7F781D8C1B18AAB00007D5A8 /* Frameworks */,
				7F781D8D1B18AAB00007D5A8 /* Resources */,
			);
			buildRules = (
			);
			dependencies = (
			);
			name = NEAspects;
			productName = NEAspects;
			productReference = 7F781D8F1B18AAB00007D5A8 /* NEAspects.app */;
			productType = "com.apple.product-type.application";
		};
		7F781DA71B18AAB10007D5A8 /* NEAspectsTests */ = {
			isa = PBXNativeTarget;
			buildConfigurationList = 7F781DB51B18AAB10007D5A8 /* Build configuration list for PBXNativeTarget "NEAspectsTests" */;
			buildPhases = (
				7F781DA41B18AAB10007D5A8 /* Sources */,
				7F781DA51B18AAB10007D5A8 /* Frameworks */,
				7F781DA61B18AAB10007D5A8 /* Resources */,
			);
			buildRules = (
			);
			dependencies = (
				7F781DAA1B18AAB10007D5A8 /* PBXTargetDependency */,
			);
			name = NEAspectsTests;
			productName = NEAspectsTests;
			productReference = 7F781DA81B18AAB10007D5A8 /* NEAspectsTests.xctest */;
			productType = "com.apple.product-type.bundle.unit-test";
		};
/* End PBXNativeTarget section */

/* Begin PBXProject section */
		7F781D871B18AAB00007D5A8 /* Project object */ = {
			isa = PBXProject;
			attributes = {
				LastUpgradeCheck = 0630;
				ORGANIZATIONNAME = "NetEase (hangzhou) Network Co.,Ltd.";
				TargetAttributes = {
					7F781D8E1B18AAB00007D5A8 = {
						CreatedOnToolsVersion = 6.3.2;
					};
					7F781DA71B18AAB10007D5A8 = {
						CreatedOnToolsVersion = 6.3.2;
						TestTargetID = 7F781D8E1B18AAB00007D5A8;
					};
				};
			};
			buildConfigurationList = 7F781D8A1B18AAB00007D5A8 /* Build configuration list for PBXProject "NEAspects" */;
			compatibilityVersion = "Xcode 3.2";
			developmentRegion = English;
			hasScannedForEncodings = 0;
			knownRegions = (
				en,
				Base,
			);
			mainGroup = 7F781D861B18AAB00007D5A8;
			productRefGroup = 7F781D901B18AAB00007D5A8 /* Products */;
			projectDirPath = "";
			projectRoot = "";
			targets = (
				7F781D8E1B18AAB00007D5A8 /* NEAspects */,
				7F781DA71B18AAB10007D5A8 /* NEAspectsTests */,
			);
		};
/* End PBXProject section */

/* Begin PBXResourcesBuildPhase section */
		7F781D8D1B18AAB00007D5A8 /* Resources */ = {
			isa = PBXResourcesBuildPhase;
			buildActionMask = 2147483647;
			files = (
				7F781D9E1B18AAB00007D5A8 /* Main.storyboard in Resources */,
				7F781DA31B18AAB00007D5A8 /* LaunchScreen.xib in Resources */,
				7F781DA01B18AAB00007D5A8 /* Images.xcassets in Resources */,
			);
			runOnlyForDeploymentPostprocessing = 0;
		};
		7F781DA61B18AAB10007D5A8 /* Resources */ = {
			isa = PBXResourcesBuildPhase;
			buildActionMask = 2147483647;
			files = (
			);
			runOnlyForDeploymentPostprocessing = 0;
		};
/* End PBXResourcesBuildPhase section */

/* Begin PBXSourcesBuildPhase section */
		7F781D8B1B18AAB00007D5A8 /* Sources */ = {
			isa = PBXSourcesBuildPhase;
			buildActionMask = 2147483647;
			files = (
				7F781D9B1B18AAB00007D5A8 /* ViewController.m in Sources */,
				7F781D981B18AAB00007D5A8 /* AppDelegate.m in Sources */,
				7F781D951B18AAB00007D5A8 /* main.m in Sources */,
				7F781DC31B18B49C0007D5A8 /* NEAspectContainer.m in Sources */,
				7F781DC71B18B4DF0007D5A8 /* NEAspectInfo.m in Sources */,
				7F781DCB1B18B83B0007D5A8 /* NSInvocation+NEAspects.m in Sources */,
				7F781DBE1B18AB780007D5A8 /* NEAspects.m in Sources */,
			);
			runOnlyForDeploymentPostprocessing = 0;
		};
		7F781DA41B18AAB10007D5A8 /* Sources */ = {
			isa = PBXSourcesBuildPhase;
			buildActionMask = 2147483647;
			files = (
				7F781DCC1B18B83B0007D5A8 /* NSInvocation+NEAspects.m in Sources */,
				7F781DC81B18B4DF0007D5A8 /* NEAspectInfo.m in Sources */,
				7F781DBF1B18AB780007D5A8 /* NEAspects.m in Sources */,
				7F781DAF1B18AAB10007D5A8 /* NEAspectsTests.m in Sources */,
				7F781DC41B18B49C0007D5A8 /* NEAspectContainer.m in Sources */,
			);
			runOnlyForDeploymentPostprocessing = 0;
		};
/* End PBXSourcesBuildPhase section */

/* Begin PBXTargetDependency section */
		7F781DAA1B18AAB10007D5A8 /* PBXTargetDependency */ = {
			isa = PBXTargetDependency;
			target = 7F781D8E1B18AAB00007D5A8 /* NEAspects */;
			targetProxy = 7F781DA91B18AAB10007D5A8 /* PBXContainerItemProxy */;
		};
/* End PBXTargetDependency section */

/* Begin PBXVariantGroup section */
		7F781D9C1B18AAB00007D5A8 /* Main.storyboard */ = {
			isa = PBXVariantGroup;
			children = (
				7F781D9D1B18AAB00007D5A8 /* Base */,
			);
			name = Main.storyboard;
			sourceTree = "<group>";
		};
		7F781DA11B18AAB00007D5A8 /* LaunchScreen.xib */ = {
			isa = PBXVariantGroup;
			children = (
				7F781DA21B18AAB00007D5A8 /* Base */,
			);
			name = LaunchScreen.xib;
			sourceTree = "<group>";
		};
/* End PBXVariantGroup section */

/* Begin XCBuildConfiguration section */
		7F781DB01B18AAB10007D5A8 /* Debug */ = {
			isa = XCBuildConfiguration;
			buildSettings = {
				ALWAYS_SEARCH_USER_PATHS = NO;
				CLANG_CXX_LANGUAGE_STANDARD = "gnu++0x";
				CLANG_CXX_LIBRARY = "libc++";
				CLANG_ENABLE_MODULES = YES;
				CLANG_ENABLE_OBJC_ARC = YES;
				CLANG_WARN_BOOL_CONVERSION = YES;
				CLANG_WARN_CONSTANT_CONVERSION = YES;
				CLANG_WARN_DIRECT_OBJC_ISA_USAGE = YES_ERROR;
				CLANG_WARN_EMPTY_BODY = YES;
				CLANG_WARN_ENUM_CONVERSION = YES;
				CLANG_WARN_INT_CONVERSION = YES;
				CLANG_WARN_OBJC_ROOT_CLASS = YES_ERROR;
				CLANG_WARN_UNREACHABLE_CODE = YES;
				CLANG_WARN__DUPLICATE_METHOD_MATCH = YES;
				"CODE_SIGN_IDENTITY[sdk=iphoneos*]" = "iPhone Developer";
				COPY_PHASE_STRIP = NO;
				DEBUG_INFORMATION_FORMAT = "dwarf-with-dsym";
				ENABLE_STRICT_OBJC_MSGSEND = YES;
				GCC_C_LANGUAGE_STANDARD = gnu99;
				GCC_DYNAMIC_NO_PIC = NO;
				GCC_NO_COMMON_BLOCKS = YES;
				GCC_OPTIMIZATION_LEVEL = 0;
				GCC_PREPROCESSOR_DEFINITIONS = (
					"DEBUG=1",
					"$(inherited)",
				);
				GCC_SYMBOLS_PRIVATE_EXTERN = NO;
				GCC_WARN_64_TO_32_BIT_CONVERSION = YES;
				GCC_WARN_ABOUT_RETURN_TYPE = YES_ERROR;
				GCC_WARN_UNDECLARED_SELECTOR = YES;
				GCC_WARN_UNINITIALIZED_AUTOS = YES_AGGRESSIVE;
				GCC_WARN_UNUSED_FUNCTION = YES;
				GCC_WARN_UNUSED_VARIABLE = YES;
				IPHONEOS_DEPLOYMENT_TARGET = 8.3;
				MTL_ENABLE_DEBUG_INFO = YES;
				ONLY_ACTIVE_ARCH = YES;
				SDKROOT = iphoneos;
			};
			name = Debug;
		};
		7F781DB11B18AAB10007D5A8 /* Release */ = {
			isa = XCBuildConfiguration;
			buildSettings = {
				ALWAYS_SEARCH_USER_PATHS = NO;
				CLANG_CXX_LANGUAGE_STANDARD = "gnu++0x";
				CLANG_CXX_LIBRARY = "libc++";
				CLANG_ENABLE_MODULES = YES;
				CLANG_ENABLE_OBJC_ARC = YES;
				CLANG_WARN_BOOL_CONVERSION = YES;
				CLANG_WARN_CONSTANT_CONVERSION = YES;
				CLANG_WARN_DIRECT_OBJC_ISA_USAGE = YES_ERROR;
				CLANG_WARN_EMPTY_BODY = YES;
				CLANG_WARN_ENUM_CONVERSION = YES;
				CLANG_WARN_INT_CONVERSION = YES;
				CLANG_WARN_OBJC_ROOT_CLASS = YES_ERROR;
				CLANG_WARN_UNREACHABLE_CODE = YES;
				CLANG_WARN__DUPLICATE_METHOD_MATCH = YES;
				"CODE_SIGN_IDENTITY[sdk=iphoneos*]" = "iPhone Developer";
				COPY_PHASE_STRIP = NO;
				DEBUG_INFORMATION_FORMAT = "dwarf-with-dsym";
				ENABLE_NS_ASSERTIONS = NO;
				ENABLE_STRICT_OBJC_MSGSEND = YES;
				GCC_C_LANGUAGE_STANDARD = gnu99;
				GCC_NO_COMMON_BLOCKS = YES;
				GCC_WARN_64_TO_32_BIT_CONVERSION = YES;
				GCC_WARN_ABOUT_RETURN_TYPE = YES_ERROR;
				GCC_WARN_UNDECLARED_SELECTOR = YES;
				GCC_WARN_UNINITIALIZED_AUTOS = YES_AGGRESSIVE;
				GCC_WARN_UNUSED_FUNCTION = YES;
				GCC_WARN_UNUSED_VARIABLE = YES;
				IPHONEOS_DEPLOYMENT_TARGET = 8.3;
				MTL_ENABLE_DEBUG_INFO = NO;
				SDKROOT = iphoneos;
				VALIDATE_PRODUCT = YES;
			};
			name = Release;
		};
		7F781DB31B18AAB10007D5A8 /* Debug */ = {
			isa = XCBuildConfiguration;
			buildSettings = {
				ASSETCATALOG_COMPILER_APPICON_NAME = AppIcon;
				INFOPLIST_FILE = NEAspects/Info.plist;
				LD_RUNPATH_SEARCH_PATHS = "$(inherited) @executable_path/Frameworks";
				PRODUCT_NAME = "$(TARGET_NAME)";
			};
			name = Debug;
		};
		7F781DB41B18AAB10007D5A8 /* Release */ = {
			isa = XCBuildConfiguration;
			buildSettings = {
				ASSETCATALOG_COMPILER_APPICON_NAME = AppIcon;
				INFOPLIST_FILE = NEAspects/Info.plist;
				LD_RUNPATH_SEARCH_PATHS = "$(inherited) @executable_path/Frameworks";
				PRODUCT_NAME = "$(TARGET_NAME)";
			};
			name = Release;
		};
		7F781DB61B18AAB10007D5A8 /* Debug */ = {
			isa = XCBuildConfiguration;
			buildSettings = {
				BUNDLE_LOADER = "$(TEST_HOST)";
				FRAMEWORK_SEARCH_PATHS = (
					"$(SDKROOT)/Developer/Library/Frameworks",
					"$(inherited)",
				);
				GCC_PREPROCESSOR_DEFINITIONS = (
					"DEBUG=1",
					"$(inherited)",
				);
				INFOPLIST_FILE = NEAspectsTests/Info.plist;
				LD_RUNPATH_SEARCH_PATHS = "$(inherited) @executable_path/Frameworks @loader_path/Frameworks";
				PRODUCT_NAME = "$(TARGET_NAME)";
				TEST_HOST = "$(BUILT_PRODUCTS_DIR)/NEAspects.app/NEAspects";
			};
			name = Debug;
		};
		7F781DB71B18AAB10007D5A8 /* Release */ = {
			isa = XCBuildConfiguration;
			buildSettings = {
				BUNDLE_LOADER = "$(TEST_HOST)";
				FRAMEWORK_SEARCH_PATHS = (
					"$(SDKROOT)/Developer/Library/Frameworks",
					"$(inherited)",
				);
				INFOPLIST_FILE = NEAspectsTests/Info.plist;
				LD_RUNPATH_SEARCH_PATHS = "$(inherited) @executable_path/Frameworks @loader_path/Frameworks";
				PRODUCT_NAME = "$(TARGET_NAME)";
				TEST_HOST = "$(BUILT_PRODUCTS_DIR)/NEAspects.app/NEAspects";
			};
			name = Release;
		};
/* End XCBuildConfiguration section */

/* Begin XCConfigurationList section */
		7F781D8A1B18AAB00007D5A8 /* Build configuration list for PBXProject "NEAspects" */ = {
			isa = XCConfigurationList;
			buildConfigurations = (
				7F781DB01B18AAB10007D5A8 /* Debug */,
				7F781DB11B18AAB10007D5A8 /* Release */,
			);
			defaultConfigurationIsVisible = 0;
			defaultConfigurationName = Release;
		};
		7F781DB21B18AAB10007D5A8 /* Build configuration list for PBXNativeTarget "NEAspects" */ = {
			isa = XCConfigurationList;
			buildConfigurations = (
				7F781DB31B18AAB10007D5A8 /* Debug */,
				7F781DB41B18AAB10007D5A8 /* Release */,
			);
			defaultConfigurationIsVisible = 0;
		};
		7F781DB51B18AAB10007D5A8 /* Build configuration list for PBXNativeTarget "NEAspectsTests" */ = {
			isa = XCConfigurationList;
			buildConfigurations = (
				7F781DB61B18AAB10007D5A8 /* Debug */,
				7F781DB71B18AAB10007D5A8 /* Release */,
			);
			defaultConfigurationIsVisible = 0;
		};
/* End XCConfigurationList section */
	};
	rootObject = 7F781D871B18AAB00007D5A8 /* Project object */;
}
